// !$*UTF8*$!
{
	archiveVersion = 1;
	classes = {
	};
	objectVersion = 56;
	objects = {

/* Begin PBXBuildFile section */
		4D72664A2C049D800035E348 /* CryptoWidgetKitApp.swift in Sources */ = {isa = PBXBuildFile; fileRef = 4D7266492C049D800035E348 /* CryptoWidgetKitApp.swift */; };
		4D72664C2C049D800035E348 /* ContentView.swift in Sources */ = {isa = PBXBuildFile; fileRef = 4D72664B2C049D800035E348 /* ContentView.swift */; };
		4D72664E2C049D810035E348 /* Assets.xcassets in Resources */ = {isa = PBXBuildFile; fileRef = 4D72664D2C049D810035E348 /* Assets.xcassets */; };
		4D7266512C049D810035E348 /* Preview Assets.xcassets in Resources */ = {isa = PBXBuildFile; fileRef = 4D7266502C049D810035E348 /* Preview Assets.xcassets */; };
		4D72665B2C049D820035E348 /* CryptoWidgetKitAppTests.swift in Sources */ = {isa = PBXBuildFile; fileRef = 4D72665A2C049D820035E348 /* CryptoWidgetKitAppTests.swift */; };
		4D8251B32C05CDDB00DD32A3 /* CryptoModel.swift in Sources */ = {isa = PBXBuildFile; fileRef = 4D8251B22C05CDDB00DD32A3 /* CryptoModel.swift */; };
		4D8251B62C05D21D00DD32A3 /* CryptoAPIService.swift in Sources */ = {isa = PBXBuildFile; fileRef = 4D8251B52C05D21D00DD32A3 /* CryptoAPIService.swift */; };
		4D8251B82C05D2A200DD32A3 /* CryptoAPIEndpoint.swift in Sources */ = {isa = PBXBuildFile; fileRef = 4D8251B72C05D2A100DD32A3 /* CryptoAPIEndpoint.swift */; };
		4D8251BB2C05DA7500DD32A3 /* CryptoViewModel.swift in Sources */ = {isa = PBXBuildFile; fileRef = 4D8251BA2C05DA7500DD32A3 /* CryptoViewModel.swift */; };
		4D8251BF2C05E9BB00DD32A3 /* CryptoAPIServiceTests.swift in Sources */ = {isa = PBXBuildFile; fileRef = 4D8251BE2C05E9BB00DD32A3 /* CryptoAPIServiceTests.swift */; };
		4D8251C32C05EAA800DD32A3 /* URLRequest+.swift in Sources */ = {isa = PBXBuildFile; fileRef = 4D8251C22C05EAA800DD32A3 /* URLRequest+.swift */; };
		4D8251C62C05EAD700DD32A3 /* HTTPMethod.swift in Sources */ = {isa = PBXBuildFile; fileRef = 4D8251C52C05EAD700DD32A3 /* HTTPMethod.swift */; };
		4D8251C82C05EBBB00DD32A3 /* MockURLSession.swift in Sources */ = {isa = PBXBuildFile; fileRef = 4D8251C72C05EBBB00DD32A3 /* MockURLSession.swift */; };
		4D8251CA2C05EC4500DD32A3 /* URLSessionProtocol.swift in Sources */ = {isa = PBXBuildFile; fileRef = 4D8251C92C05EC4500DD32A3 /* URLSessionProtocol.swift */; };
/* End PBXBuildFile section */

/* Begin PBXContainerItemProxy section */
		4D7266572C049D820035E348 /* PBXContainerItemProxy */ = {
			isa = PBXContainerItemProxy;
			containerPortal = 4D72663E2C049D800035E348 /* Project object */;
			proxyType = 1;
			remoteGlobalIDString = 4D7266452C049D800035E348;
			remoteInfo = CryptoWidgetKitApp;
		};
/* End PBXContainerItemProxy section */

/* Begin PBXFileReference section */
		4D7266462C049D800035E348 /* CryptoWidgetKitApp.app */ = {isa = PBXFileReference; explicitFileType = wrapper.application; includeInIndex = 0; path = CryptoWidgetKitApp.app; sourceTree = BUILT_PRODUCTS_DIR; };
		4D7266492C049D800035E348 /* CryptoWidgetKitApp.swift */ = {isa = PBXFileReference; lastKnownFileType = sourcecode.swift; path = CryptoWidgetKitApp.swift; sourceTree = "<group>"; };
		4D72664B2C049D800035E348 /* ContentView.swift */ = {isa = PBXFileReference; lastKnownFileType = sourcecode.swift; path = ContentView.swift; sourceTree = "<group>"; };
		4D72664D2C049D810035E348 /* Assets.xcassets */ = {isa = PBXFileReference; lastKnownFileType = folder.assetcatalog; path = Assets.xcassets; sourceTree = "<group>"; };
		4D7266502C049D810035E348 /* Preview Assets.xcassets */ = {isa = PBXFileReference; lastKnownFileType = folder.assetcatalog; path = "Preview Assets.xcassets"; sourceTree = "<group>"; };
		4D7266562C049D820035E348 /* CryptoWidgetKitAppTests.xctest */ = {isa = PBXFileReference; explicitFileType = wrapper.cfbundle; includeInIndex = 0; path = CryptoWidgetKitAppTests.xctest; sourceTree = BUILT_PRODUCTS_DIR; };
		4D72665A2C049D820035E348 /* CryptoWidgetKitAppTests.swift */ = {isa = PBXFileReference; lastKnownFileType = sourcecode.swift; path = CryptoWidgetKitAppTests.swift; sourceTree = "<group>"; };
		4D8251B22C05CDDB00DD32A3 /* CryptoModel.swift */ = {isa = PBXFileReference; lastKnownFileType = sourcecode.swift; path = CryptoModel.swift; sourceTree = "<group>"; };
		4D8251B52C05D21D00DD32A3 /* CryptoAPIService.swift */ = {isa = PBXFileReference; lastKnownFileType = sourcecode.swift; path = CryptoAPIService.swift; sourceTree = "<group>"; };
		4D8251B72C05D2A100DD32A3 /* CryptoAPIEndpoint.swift */ = {isa = PBXFileReference; lastKnownFileType = sourcecode.swift; path = CryptoAPIEndpoint.swift; sourceTree = "<group>"; };
		4D8251BA2C05DA7500DD32A3 /* CryptoViewModel.swift */ = {isa = PBXFileReference; lastKnownFileType = sourcecode.swift; path = CryptoViewModel.swift; sourceTree = "<group>"; };
		4D8251BE2C05E9BB00DD32A3 /* CryptoAPIServiceTests.swift */ = {isa = PBXFileReference; lastKnownFileType = sourcecode.swift; path = CryptoAPIServiceTests.swift; sourceTree = "<group>"; };
		4D8251C22C05EAA800DD32A3 /* URLRequest+.swift */ = {isa = PBXFileReference; lastKnownFileType = sourcecode.swift; path = "URLRequest+.swift"; sourceTree = "<group>"; };
		4D8251C52C05EAD700DD32A3 /* HTTPMethod.swift */ = {isa = PBXFileReference; lastKnownFileType = sourcecode.swift; path = HTTPMethod.swift; sourceTree = "<group>"; };
		4D8251C72C05EBBB00DD32A3 /* MockURLSession.swift */ = {isa = PBXFileReference; lastKnownFileType = sourcecode.swift; path = MockURLSession.swift; sourceTree = "<group>"; };
		4D8251C92C05EC4500DD32A3 /* URLSessionProtocol.swift */ = {isa = PBXFileReference; lastKnownFileType = sourcecode.swift; path = URLSessionProtocol.swift; sourceTree = "<group>"; };
/* End PBXFileReference section */

/* Begin PBXFrameworksBuildPhase section */
		4D7266432C049D800035E348 /* Frameworks */ = {
			isa = PBXFrameworksBuildPhase;
			buildActionMask = 2147483647;
			files = (
			);
			runOnlyForDeploymentPostprocessing = 0;
		};
		4D7266532C049D820035E348 /* Frameworks */ = {
			isa = PBXFrameworksBuildPhase;
			buildActionMask = 2147483647;
			files = (
			);
			runOnlyForDeploymentPostprocessing = 0;
		};
/* End PBXFrameworksBuildPhase section */

/* Begin PBXGroup section */
		4D72663D2C049D800035E348 = {
			isa = PBXGroup;
			children = (
				4D7266482C049D800035E348 /* CryptoWidgetKitApp */,
				4D7266592C049D820035E348 /* CryptoWidgetKitAppTests */,
				4D7266472C049D800035E348 /* Products */,
			);
			sourceTree = "<group>";
		};
		4D7266472C049D800035E348 /* Products */ = {
			isa = PBXGroup;
			children = (
				4D7266462C049D800035E348 /* CryptoWidgetKitApp.app */,
				4D7266562C049D820035E348 /* CryptoWidgetKitAppTests.xctest */,
			);
			name = Products;
			sourceTree = "<group>";
		};
		4D7266482C049D800035E348 /* CryptoWidgetKitApp */ = {
			isa = PBXGroup;
			children = (
				4D7266492C049D800035E348 /* CryptoWidgetKitApp.swift */,
				4D72664B2C049D800035E348 /* ContentView.swift */,
				4D8251B12C05CDC400DD32A3 /* Models */,
				4D8251B92C05DA6000DD32A3 /* ViewModels */,
				4D8251B42C05D20B00DD32A3 /* Network */,
				4D7266732C049D930035E348 /* Resources */,
				4D72664F2C049D810035E348 /* Preview Content */,
			);
			path = CryptoWidgetKitApp;
			sourceTree = "<group>";
		};
		4D72664F2C049D810035E348 /* Preview Content */ = {
			isa = PBXGroup;
			children = (
				4D7266502C049D810035E348 /* Preview Assets.xcassets */,
			);
			path = "Preview Content";
			sourceTree = "<group>";
		};
		4D7266592C049D820035E348 /* CryptoWidgetKitAppTests */ = {
			isa = PBXGroup;
			children = (
				4D8251C02C05E9F100DD32A3 /* Mocks */,
				4D8251C12C05E9FE00DD32A3 /* Network */,
				4D72665A2C049D820035E348 /* CryptoWidgetKitAppTests.swift */,
			);
			path = CryptoWidgetKitAppTests;
			sourceTree = "<group>";
		};
		4D7266732C049D930035E348 /* Resources */ = {
			isa = PBXGroup;
			children = (
				4D72664D2C049D810035E348 /* Assets.xcassets */,
			);
			path = Resources;
			sourceTree = "<group>";
		};
		4D8251B12C05CDC400DD32A3 /* Models */ = {
			isa = PBXGroup;
			children = (
				4D8251B22C05CDDB00DD32A3 /* CryptoModel.swift */,
			);
			path = Models;
			sourceTree = "<group>";
		};
		4D8251B42C05D20B00DD32A3 /* Network */ = {
			isa = PBXGroup;
			children = (
				4D8251B52C05D21D00DD32A3 /* CryptoAPIService.swift */,
				4D8251C42C05EAAB00DD32A3 /* Utils */,
			);
			path = Network;
			sourceTree = "<group>";
		};
		4D8251B92C05DA6000DD32A3 /* ViewModels */ = {
			isa = PBXGroup;
			children = (
				4D8251BA2C05DA7500DD32A3 /* CryptoViewModel.swift */,
			);
			path = ViewModels;
			sourceTree = "<group>";
		};
		4D8251C02C05E9F100DD32A3 /* Mocks */ = {
			isa = PBXGroup;
			children = (
				4D8251C72C05EBBB00DD32A3 /* MockURLSession.swift */,
			);
			path = Mocks;
			sourceTree = "<group>";
		};
		4D8251C12C05E9FE00DD32A3 /* Network */ = {
			isa = PBXGroup;
			children = (
				4D8251BE2C05E9BB00DD32A3 /* CryptoAPIServiceTests.swift */,
			);
			path = Network;
			sourceTree = "<group>";
		};
		4D8251C42C05EAAB00DD32A3 /* Utils */ = {
			isa = PBXGroup;
			children = (
				4D8251B72C05D2A100DD32A3 /* CryptoAPIEndpoint.swift */,
				4D8251C22C05EAA800DD32A3 /* URLRequest+.swift */,
				4D8251C52C05EAD700DD32A3 /* HTTPMethod.swift */,
				4D8251C92C05EC4500DD32A3 /* URLSessionProtocol.swift */,
			);
			path = Utils;
			sourceTree = "<group>";
		};
/* End PBXGroup section */

/* Begin PBXNativeTarget section */
		4D7266452C049D800035E348 /* CryptoWidgetKitApp */ = {
			isa = PBXNativeTarget;
			buildConfigurationList = 4D72666A2C049D820035E348 /* Build configuration list for PBXNativeTarget "CryptoWidgetKitApp" */;
			buildPhases = (
				4D7266422C049D800035E348 /* Sources */,
				4D7266432C049D800035E348 /* Frameworks */,
				4D7266442C049D800035E348 /* Resources */,
			);
			buildRules = (
			);
			dependencies = (
			);
			name = CryptoWidgetKitApp;
			productName = CryptoWidgetKitApp;
			productReference = 4D7266462C049D800035E348 /* CryptoWidgetKitApp.app */;
			productType = "com.apple.product-type.application";
		};
		4D7266552C049D820035E348 /* CryptoWidgetKitAppTests */ = {
			isa = PBXNativeTarget;
			buildConfigurationList = 4D72666D2C049D820035E348 /* Build configuration list for PBXNativeTarget "CryptoWidgetKitAppTests" */;
			buildPhases = (
				4D7266522C049D820035E348 /* Sources */,
				4D7266532C049D820035E348 /* Frameworks */,
				4D7266542C049D820035E348 /* Resources */,
			);
			buildRules = (
			);
			dependencies = (
				4D7266582C049D820035E348 /* PBXTargetDependency */,
			);
			name = CryptoWidgetKitAppTests;
			productName = CryptoWidgetKitAppTests;
			productReference = 4D7266562C049D820035E348 /* CryptoWidgetKitAppTests.xctest */;
			productType = "com.apple.product-type.bundle.unit-test";
		};
/* End PBXNativeTarget section */

/* Begin PBXProject section */
		4D72663E2C049D800035E348 /* Project object */ = {
			isa = PBXProject;
			attributes = {
				BuildIndependentTargetsInParallel = 1;
				LastSwiftUpdateCheck = 1540;
				LastUpgradeCheck = 1540;
				TargetAttributes = {
					4D7266452C049D800035E348 = {
						CreatedOnToolsVersion = 15.4;
					};
					4D7266552C049D820035E348 = {
						CreatedOnToolsVersion = 15.4;
						TestTargetID = 4D7266452C049D800035E348;
					};
				};
			};
			buildConfigurationList = 4D7266412C049D800035E348 /* Build configuration list for PBXProject "CryptoWidgetKitApp" */;
			compatibilityVersion = "Xcode 14.0";
			developmentRegion = en;
			hasScannedForEncodings = 0;
			knownRegions = (
				en,
				Base,
			);
			mainGroup = 4D72663D2C049D800035E348;
			productRefGroup = 4D7266472C049D800035E348 /* Products */;
			projectDirPath = "";
			projectRoot = "";
			targets = (
				4D7266452C049D800035E348 /* CryptoWidgetKitApp */,
				4D7266552C049D820035E348 /* CryptoWidgetKitAppTests */,
			);
		};
/* End PBXProject section */

/* Begin PBXResourcesBuildPhase section */
		4D7266442C049D800035E348 /* Resources */ = {
			isa = PBXResourcesBuildPhase;
			buildActionMask = 2147483647;
			files = (
				4D7266512C049D810035E348 /* Preview Assets.xcassets in Resources */,
				4D72664E2C049D810035E348 /* Assets.xcassets in Resources */,
			);
			runOnlyForDeploymentPostprocessing = 0;
		};
		4D7266542C049D820035E348 /* Resources */ = {
			isa = PBXResourcesBuildPhase;
			buildActionMask = 2147483647;
			files = (
			);
			runOnlyForDeploymentPostprocessing = 0;
		};
/* End PBXResourcesBuildPhase section */

/* Begin PBXSourcesBuildPhase section */
		4D7266422C049D800035E348 /* Sources */ = {
			isa = PBXSourcesBuildPhase;
			buildActionMask = 2147483647;
			files = (
				4D8251CA2C05EC4500DD32A3 /* URLSessionProtocol.swift in Sources */,
				4D8251B32C05CDDB00DD32A3 /* CryptoModel.swift in Sources */,
				4D8251B62C05D21D00DD32A3 /* CryptoAPIService.swift in Sources */,
				4D72664C2C049D800035E348 /* ContentView.swift in Sources */,
				4D8251B82C05D2A200DD32A3 /* CryptoAPIEndpoint.swift in Sources */,
				4D8251C62C05EAD700DD32A3 /* HTTPMethod.swift in Sources */,
				4D72664A2C049D800035E348 /* CryptoWidgetKitApp.swift in Sources */,
				4D8251C32C05EAA800DD32A3 /* URLRequest+.swift in Sources */,
				4D8251BB2C05DA7500DD32A3 /* CryptoViewModel.swift in Sources */,
			);
			runOnlyForDeploymentPostprocessing = 0;
		};
		4D7266522C049D820035E348 /* Sources */ = {
			isa = PBXSourcesBuildPhase;
			buildActionMask = 2147483647;
			files = (
				4D8251C82C05EBBB00DD32A3 /* MockURLSession.swift in Sources */,
				4D72665B2C049D820035E348 /* CryptoWidgetKitAppTests.swift in Sources */,
				4D8251BF2C05E9BB00DD32A3 /* CryptoAPIServiceTests.swift in Sources */,
			);
			runOnlyForDeploymentPostprocessing = 0;
		};
/* End PBXSourcesBuildPhase section */

/* Begin PBXTargetDependency section */
		4D7266582C049D820035E348 /* PBXTargetDependency */ = {
			isa = PBXTargetDependency;
			target = 4D7266452C049D800035E348 /* CryptoWidgetKitApp */;
			targetProxy = 4D7266572C049D820035E348 /* PBXContainerItemProxy */;
		};
/* End PBXTargetDependency section */

/* Begin XCBuildConfiguration section */
		4D7266682C049D820035E348 /* Debug */ = {
			isa = XCBuildConfiguration;
			buildSettings = {
				ALWAYS_SEARCH_USER_PATHS = NO;
				ASSETCATALOG_COMPILER_GENERATE_SWIFT_ASSET_SYMBOL_EXTENSIONS = YES;
				CLANG_ANALYZER_NONNULL = YES;
				CLANG_ANALYZER_NUMBER_OBJECT_CONVERSION = YES_AGGRESSIVE;
				CLANG_CXX_LANGUAGE_STANDARD = "gnu++20";
				CLANG_ENABLE_MODULES = YES;
				CLANG_ENABLE_OBJC_ARC = YES;
				CLANG_ENABLE_OBJC_WEAK = YES;
				CLANG_WARN_BLOCK_CAPTURE_AUTORELEASING = YES;
				CLANG_WARN_BOOL_CONVERSION = YES;
				CLANG_WARN_COMMA = YES;
				CLANG_WARN_CONSTANT_CONVERSION = YES;
				CLANG_WARN_DEPRECATED_OBJC_IMPLEMENTATIONS = YES;
				CLANG_WARN_DIRECT_OBJC_ISA_USAGE = YES_ERROR;
				CLANG_WARN_DOCUMENTATION_COMMENTS = YES;
				CLANG_WARN_EMPTY_BODY = YES;
				CLANG_WARN_ENUM_CONVERSION = YES;
				CLANG_WARN_INFINITE_RECURSION = YES;
				CLANG_WARN_INT_CONVERSION = YES;
				CLANG_WARN_NON_LITERAL_NULL_CONVERSION = YES;
				CLANG_WARN_OBJC_IMPLICIT_RETAIN_SELF = YES;
				CLANG_WARN_OBJC_LITERAL_CONVERSION = YES;
				CLANG_WARN_OBJC_ROOT_CLASS = YES_ERROR;
				CLANG_WARN_QUOTED_INCLUDE_IN_FRAMEWORK_HEADER = YES;
				CLANG_WARN_RANGE_LOOP_ANALYSIS = YES;
				CLANG_WARN_STRICT_PROTOTYPES = YES;
				CLANG_WARN_SUSPICIOUS_MOVE = YES;
				CLANG_WARN_UNGUARDED_AVAILABILITY = YES_AGGRESSIVE;
				CLANG_WARN_UNREACHABLE_CODE = YES;
				CLANG_WARN__DUPLICATE_METHOD_MATCH = YES;
				COPY_PHASE_STRIP = NO;
				DEBUG_INFORMATION_FORMAT = dwarf;
				ENABLE_STRICT_OBJC_MSGSEND = YES;
				ENABLE_TESTABILITY = YES;
				ENABLE_USER_SCRIPT_SANDBOXING = YES;
				GCC_C_LANGUAGE_STANDARD = gnu17;
				GCC_DYNAMIC_NO_PIC = NO;
				GCC_NO_COMMON_BLOCKS = YES;
				GCC_OPTIMIZATION_LEVEL = 0;
				GCC_PREPROCESSOR_DEFINITIONS = (
					"DEBUG=1",
					"$(inherited)",
				);
				GCC_WARN_64_TO_32_BIT_CONVERSION = YES;
				GCC_WARN_ABOUT_RETURN_TYPE = YES_ERROR;
				GCC_WARN_UNDECLARED_SELECTOR = YES;
				GCC_WARN_UNINITIALIZED_AUTOS = YES_AGGRESSIVE;
				GCC_WARN_UNUSED_FUNCTION = YES;
				GCC_WARN_UNUSED_VARIABLE = YES;
				IPHONEOS_DEPLOYMENT_TARGET = 17.5;
				LOCALIZATION_PREFERS_STRING_CATALOGS = YES;
				MTL_ENABLE_DEBUG_INFO = INCLUDE_SOURCE;
				MTL_FAST_MATH = YES;
				ONLY_ACTIVE_ARCH = YES;
				SDKROOT = iphoneos;
				SWIFT_ACTIVE_COMPILATION_CONDITIONS = "DEBUG $(inherited)";
				SWIFT_OPTIMIZATION_LEVEL = "-Onone";
			};
			name = Debug;
		};
		4D7266692C049D820035E348 /* Release */ = {
			isa = XCBuildConfiguration;
			buildSettings = {
				ALWAYS_SEARCH_USER_PATHS = NO;
				ASSETCATALOG_COMPILER_GENERATE_SWIFT_ASSET_SYMBOL_EXTENSIONS = YES;
				CLANG_ANALYZER_NONNULL = YES;
				CLANG_ANALYZER_NUMBER_OBJECT_CONVERSION = YES_AGGRESSIVE;
				CLANG_CXX_LANGUAGE_STANDARD = "gnu++20";
				CLANG_ENABLE_MODULES = YES;
				CLANG_ENABLE_OBJC_ARC = YES;
				CLANG_ENABLE_OBJC_WEAK = YES;
				CLANG_WARN_BLOCK_CAPTURE_AUTORELEASING = YES;
				CLANG_WARN_BOOL_CONVERSION = YES;
				CLANG_WARN_COMMA = YES;
				CLANG_WARN_CONSTANT_CONVERSION = YES;
				CLANG_WARN_DEPRECATED_OBJC_IMPLEMENTATIONS = YES;
				CLANG_WARN_DIRECT_OBJC_ISA_USAGE = YES_ERROR;
				CLANG_WARN_DOCUMENTATION_COMMENTS = YES;
				CLANG_WARN_EMPTY_BODY = YES;
				CLANG_WARN_ENUM_CONVERSION = YES;
				CLANG_WARN_INFINITE_RECURSION = YES;
				CLANG_WARN_INT_CONVERSION = YES;
				CLANG_WARN_NON_LITERAL_NULL_CONVERSION = YES;
				CLANG_WARN_OBJC_IMPLICIT_RETAIN_SELF = YES;
				CLANG_WARN_OBJC_LITERAL_CONVERSION = YES;
				CLANG_WARN_OBJC_ROOT_CLASS = YES_ERROR;
				CLANG_WARN_QUOTED_INCLUDE_IN_FRAMEWORK_HEADER = YES;
				CLANG_WARN_RANGE_LOOP_ANALYSIS = YES;
				CLANG_WARN_STRICT_PROTOTYPES = YES;
				CLANG_WARN_SUSPICIOUS_MOVE = YES;
				CLANG_WARN_UNGUARDED_AVAILABILITY = YES_AGGRESSIVE;
				CLANG_WARN_UNREACHABLE_CODE = YES;
				CLANG_WARN__DUPLICATE_METHOD_MATCH = YES;
				COPY_PHASE_STRIP = NO;
				DEBUG_INFORMATION_FORMAT = "dwarf-with-dsym";
				ENABLE_NS_ASSERTIONS = NO;
				ENABLE_STRICT_OBJC_MSGSEND = YES;
				ENABLE_USER_SCRIPT_SANDBOXING = YES;
				GCC_C_LANGUAGE_STANDARD = gnu17;
				GCC_NO_COMMON_BLOCKS = YES;
				GCC_WARN_64_TO_32_BIT_CONVERSION = YES;
				GCC_WARN_ABOUT_RETURN_TYPE = YES_ERROR;
				GCC_WARN_UNDECLARED_SELECTOR = YES;
				GCC_WARN_UNINITIALIZED_AUTOS = YES_AGGRESSIVE;
				GCC_WARN_UNUSED_FUNCTION = YES;
				GCC_WARN_UNUSED_VARIABLE = YES;
				IPHONEOS_DEPLOYMENT_TARGET = 17.5;
				LOCALIZATION_PREFERS_STRING_CATALOGS = YES;
				MTL_ENABLE_DEBUG_INFO = NO;
				MTL_FAST_MATH = YES;
				SDKROOT = iphoneos;
				SWIFT_COMPILATION_MODE = wholemodule;
				VALIDATE_PRODUCT = YES;
			};
			name = Release;
		};
		4D72666B2C049D820035E348 /* Debug */ = {
			isa = XCBuildConfiguration;
			buildSettings = {
				ASSETCATALOG_COMPILER_APPICON_NAME = AppIcon;
				ASSETCATALOG_COMPILER_GLOBAL_ACCENT_COLOR_NAME = AccentColor;
				CODE_SIGN_STYLE = Automatic;
				CURRENT_PROJECT_VERSION = 1;
				DEVELOPMENT_ASSET_PATHS = "\"CryptoWidgetKitApp/Preview Content\"";
				ENABLE_PREVIEWS = YES;
				GENERATE_INFOPLIST_FILE = YES;
				INFOPLIST_KEY_CFBundleDisplayName = Crypto;
				INFOPLIST_KEY_LSApplicationCategoryType = "public.app-category.finance";
				INFOPLIST_KEY_UIApplicationSceneManifest_Generation = YES;
				INFOPLIST_KEY_UIApplicationSupportsIndirectInputEvents = YES;
				INFOPLIST_KEY_UILaunchScreen_Generation = YES;
				INFOPLIST_KEY_UISupportedInterfaceOrientations = UIInterfaceOrientationPortrait;
				IPHONEOS_DEPLOYMENT_TARGET = 17.0;
				LD_RUNPATH_SEARCH_PATHS = (
					"$(inherited)",
					"@executable_path/Frameworks",
				);
				MARKETING_VERSION = 1.0;
				PRODUCT_BUNDLE_IDENTIFIER = josetorronteras.CryptoWidgetKitApp;
				PRODUCT_NAME = "$(TARGET_NAME)";
				SUPPORTED_PLATFORMS = "iphoneos iphonesimulator";
				SUPPORTS_MACCATALYST = NO;
				SUPPORTS_MAC_DESIGNED_FOR_IPHONE_IPAD = NO;
				SUPPORTS_XR_DESIGNED_FOR_IPHONE_IPAD = NO;
				SWIFT_EMIT_LOC_STRINGS = YES;
				SWIFT_VERSION = 5.0;
				TARGETED_DEVICE_FAMILY = "1,2";
			};
			name = Debug;
		};
		4D72666C2C049D820035E348 /* Release */ = {
			isa = XCBuildConfiguration;
			buildSettings = {
				ASSETCATALOG_COMPILER_APPICON_NAME = AppIcon;
				ASSETCATALOG_COMPILER_GLOBAL_ACCENT_COLOR_NAME = AccentColor;
				CODE_SIGN_STYLE = Automatic;
				CURRENT_PROJECT_VERSION = 1;
				DEVELOPMENT_ASSET_PATHS = "\"CryptoWidgetKitApp/Preview Content\"";
				ENABLE_PREVIEWS = YES;
				GENERATE_INFOPLIST_FILE = YES;
				INFOPLIST_KEY_CFBundleDisplayName = Crypto;
				INFOPLIST_KEY_LSApplicationCategoryType = "public.app-category.finance";
				INFOPLIST_KEY_UIApplicationSceneManifest_Generation = YES;
				INFOPLIST_KEY_UIApplicationSupportsIndirectInputEvents = YES;
				INFOPLIST_KEY_UILaunchScreen_Generation = YES;
				INFOPLIST_KEY_UISupportedInterfaceOrientations = UIInterfaceOrientationPortrait;
				IPHONEOS_DEPLOYMENT_TARGET = 17.0;
				LD_RUNPATH_SEARCH_PATHS = (
					"$(inherited)",
					"@executable_path/Frameworks",
				);
				MARKETING_VERSION = 1.0;
				PRODUCT_BUNDLE_IDENTIFIER = josetorronteras.CryptoWidgetKitApp;
				PRODUCT_NAME = "$(TARGET_NAME)";
				SUPPORTED_PLATFORMS = "iphoneos iphonesimulator";
				SUPPORTS_MACCATALYST = NO;
				SUPPORTS_MAC_DESIGNED_FOR_IPHONE_IPAD = NO;
				SUPPORTS_XR_DESIGNED_FOR_IPHONE_IPAD = NO;
				SWIFT_EMIT_LOC_STRINGS = YES;
				SWIFT_VERSION = 5.0;
				TARGETED_DEVICE_FAMILY = "1,2";
			};
			name = Release;
		};
		4D72666E2C049D820035E348 /* Debug */ = {
			isa = XCBuildConfiguration;
			buildSettings = {
				ALWAYS_EMBED_SWIFT_STANDARD_LIBRARIES = YES;
				BUNDLE_LOADER = "$(TEST_HOST)";
				CODE_SIGN_STYLE = Automatic;
				CURRENT_PROJECT_VERSION = 1;
				GENERATE_INFOPLIST_FILE = YES;
				IPHONEOS_DEPLOYMENT_TARGET = 17.0;
				MARKETING_VERSION = 1.0;
				PRODUCT_BUNDLE_IDENTIFIER = josetorronteras.CryptoWidgetKitAppTests;
				PRODUCT_NAME = "$(TARGET_NAME)";
				SUPPORTED_PLATFORMS = "iphoneos iphonesimulator";
				SUPPORTS_MACCATALYST = NO;
				SUPPORTS_MAC_DESIGNED_FOR_IPHONE_IPAD = NO;
				SUPPORTS_XR_DESIGNED_FOR_IPHONE_IPAD = NO;
				SWIFT_EMIT_LOC_STRINGS = NO;
				SWIFT_VERSION = 5.0;
				TARGETED_DEVICE_FAMILY = "1,2";
				TEST_HOST = "$(BUILT_PRODUCTS_DIR)/CryptoWidgetKitApp.app/$(BUNDLE_EXECUTABLE_FOLDER_PATH)/CryptoWidgetKitApp";
			};
			name = Debug;
		};
		4D72666F2C049D820035E348 /* Release */ = {
			isa = XCBuildConfiguration;
			buildSettings = {
				ALWAYS_EMBED_SWIFT_STANDARD_LIBRARIES = YES;
				BUNDLE_LOADER = "$(TEST_HOST)";
				CODE_SIGN_STYLE = Automatic;
				CURRENT_PROJECT_VERSION = 1;
				GENERATE_INFOPLIST_FILE = YES;
				IPHONEOS_DEPLOYMENT_TARGET = 17.0;
				MARKETING_VERSION = 1.0;
				PRODUCT_BUNDLE_IDENTIFIER = josetorronteras.CryptoWidgetKitAppTests;
				PRODUCT_NAME = "$(TARGET_NAME)";
				SUPPORTED_PLATFORMS = "iphoneos iphonesimulator";
				SUPPORTS_MACCATALYST = NO;
				SUPPORTS_MAC_DESIGNED_FOR_IPHONE_IPAD = NO;
				SUPPORTS_XR_DESIGNED_FOR_IPHONE_IPAD = NO;
				SWIFT_EMIT_LOC_STRINGS = NO;
				SWIFT_VERSION = 5.0;
				TARGETED_DEVICE_FAMILY = "1,2";
				TEST_HOST = "$(BUILT_PRODUCTS_DIR)/CryptoWidgetKitApp.app/$(BUNDLE_EXECUTABLE_FOLDER_PATH)/CryptoWidgetKitApp";
			};
			name = Release;
		};
/* End XCBuildConfiguration section */

/* Begin XCConfigurationList section */
		4D7266412C049D800035E348 /* Build configuration list for PBXProject "CryptoWidgetKitApp" */ = {
			isa = XCConfigurationList;
			buildConfigurations = (
				4D7266682C049D820035E348 /* Debug */,
				4D7266692C049D820035E348 /* Release */,
			);
			defaultConfigurationIsVisible = 0;
			defaultConfigurationName = Release;
		};
		4D72666A2C049D820035E348 /* Build configuration list for PBXNativeTarget "CryptoWidgetKitApp" */ = {
			isa = XCConfigurationList;
			buildConfigurations = (
				4D72666B2C049D820035E348 /* Debug */,
				4D72666C2C049D820035E348 /* Release */,
			);
			defaultConfigurationIsVisible = 0;
			defaultConfigurationName = Release;
		};
		4D72666D2C049D820035E348 /* Build configuration list for PBXNativeTarget "CryptoWidgetKitAppTests" */ = {
			isa = XCConfigurationList;
			buildConfigurations = (
				4D72666E2C049D820035E348 /* Debug */,
				4D72666F2C049D820035E348 /* Release */,
			);
			defaultConfigurationIsVisible = 0;
			defaultConfigurationName = Release;
		};
/* End XCConfigurationList section */
	};
	rootObject = 4D72663E2C049D800035E348 /* Project object */;
}
